
Microsoft Visual Studio Solution File, Format Version 12.00
# Visual Studio Version 16
VisualStudioVersion = 16.0.29411.108
MinimumVisualStudioVersion = 10.0.40219.1
Project("{FAE04EC0-301F-11D3-BF4B-00C04F79EFBC}") = "LletresRepetides_FASE2", "LletresRepetides_FASE2\LletresRepetides_FASE2.csproj", "{B201181C-F4BB-449A-AE06-A09B05B28615}"
EndProject
Global
	GlobalSection(SolutionConfigurationPlatforms) = preSolution
		Debug|Any CPU = Debug|Any CPU
		Release|Any CPU = Release|Any CPU
	EndGlobalSection
	GlobalSection(ProjectConfigurationPlatforms) = postSolution
		{B201181C-F4BB-449A-AE06-A09B05B28615}.Debug|Any CPU.ActiveCfg = Debug|Any CPU
		{B201181C-F4BB-449A-AE06-A09B05B28615}.Debug|Any CPU.Build.0 = Debug|Any CPU
		{B201181C-F4BB-449A-AE06-A09B05B28615}.Release|Any CPU.ActiveCfg = Release|Any CPU
		{B201181C-F4BB-449A-AE06-A09B05B28615}.Release|Any CPU.Build.0 = Release|Any CPU
	EndGlobalSection
	GlobalSection(SolutionProperties) = preSolution
		HideSolutionNode = FALSE
	EndGlobalSection
	GlobalSection(ExtensibilityGlobals) = postSolution
		SolutionGuid = {69AA016B-AE00-4C6A-8A24-CE3505F64AC4}
	EndGlobalSection
EndGlobal
